// !$*UTF8*$!
{
	archiveVersion = 1;
	classes = {
	};
	objectVersion = 46;
	objects = {

/* Begin PBXBuildFile section */
		53682B4719B7A41000C42EE6 /* Foundation.framework in Frameworks */ = {isa = PBXBuildFile; fileRef = 53682B4619B7A41000C42EE6 /* Foundation.framework */; };
		53682B4919B7A41000C42EE6 /* CoreGraphics.framework in Frameworks */ = {isa = PBXBuildFile; fileRef = 53682B4819B7A41000C42EE6 /* CoreGraphics.framework */; };
		53682B4B19B7A41000C42EE6 /* UIKit.framework in Frameworks */ = {isa = PBXBuildFile; fileRef = 53682B4A19B7A41000C42EE6 /* UIKit.framework */; };
		53682B5119B7A41000C42EE6 /* InfoPlist.strings in Resources */ = {isa = PBXBuildFile; fileRef = 53682B4F19B7A41000C42EE6 /* InfoPlist.strings */; };
		53682B5319B7A41000C42EE6 /* main.m in Sources */ = {isa = PBXBuildFile; fileRef = 53682B5219B7A41000C42EE6 /* main.m */; };
		53682B5719B7A41000C42EE6 /* DGAppDelegate.m in Sources */ = {isa = PBXBuildFile; fileRef = 53682B5619B7A41000C42EE6 /* DGAppDelegate.m */; };
		53682B5A19B7A41000C42EE6 /* Main.storyboard in Resources */ = {isa = PBXBuildFile; fileRef = 53682B5819B7A41000C42EE6 /* Main.storyboard */; };
		53682B5D19B7A41000C42EE6 /* DGViewController.m in Sources */ = {isa = PBXBuildFile; fileRef = 53682B5C19B7A41000C42EE6 /* DGViewController.m */; };
		53682B5F19B7A41000C42EE6 /* Images.xcassets in Resources */ = {isa = PBXBuildFile; fileRef = 53682B5E19B7A41000C42EE6 /* Images.xcassets */; };
		53682B6619B7A41000C42EE6 /* XCTest.framework in Frameworks */ = {isa = PBXBuildFile; fileRef = 53682B6519B7A41000C42EE6 /* XCTest.framework */; };
		53682B6719B7A41000C42EE6 /* Foundation.framework in Frameworks */ = {isa = PBXBuildFile; fileRef = 53682B4619B7A41000C42EE6 /* Foundation.framework */; };
		53682B6819B7A41000C42EE6 /* UIKit.framework in Frameworks */ = {isa = PBXBuildFile; fileRef = 53682B4A19B7A41000C42EE6 /* UIKit.framework */; };
		53682B7019B7A41000C42EE6 /* InfoPlist.strings in Resources */ = {isa = PBXBuildFile; fileRef = 53682B6E19B7A41000C42EE6 /* InfoPlist.strings */; };
		53682B7219B7A41000C42EE6 /* Dice_GameTests.m in Sources */ = {isa = PBXBuildFile; fileRef = 53682B7119B7A41000C42EE6 /* Dice_GameTests.m */; };
/* End PBXBuildFile section */

/* Begin PBXContainerItemProxy section */
		53682B6919B7A41000C42EE6 /* PBXContainerItemProxy */ = {
			isa = PBXContainerItemProxy;
			containerPortal = 53682B3B19B7A41000C42EE6 /* Project object */;
			proxyType = 1;
			remoteGlobalIDString = 53682B4219B7A41000C42EE6;
			remoteInfo = "Dice Game";
		};
/* End PBXContainerItemProxy section */

/* Begin PBXFileReference section */
		53682B4319B7A41000C42EE6 /* Dice Game.app */ = {isa = PBXFileReference; explicitFileType = wrapper.application; includeInIndex = 0; path = "Dice Game.app"; sourceTree = BUILT_PRODUCTS_DIR; };
		53682B4619B7A41000C42EE6 /* Foundation.framework */ = {isa = PBXFileReference; lastKnownFileType = wrapper.framework; name = Foundation.framework; path = System/Library/Frameworks/Foundation.framework; sourceTree = SDKROOT; };
		53682B4819B7A41000C42EE6 /* CoreGraphics.framework */ = {isa = PBXFileReference; lastKnownFileType = wrapper.framework; name = CoreGraphics.framework; path = System/Library/Frameworks/CoreGraphics.framework; sourceTree = SDKROOT; };
		53682B4A19B7A41000C42EE6 /* UIKit.framework */ = {isa = PBXFileReference; lastKnownFileType = wrapper.framework; name = UIKit.framework; path = System/Library/Frameworks/UIKit.framework; sourceTree = SDKROOT; };
		53682B4E19B7A41000C42EE6 /* Dice Game-Info.plist */ = {isa = PBXFileReference; lastKnownFileType = text.plist.xml; path = "Dice Game-Info.plist"; sourceTree = "<group>"; };
		53682B5019B7A41000C42EE6 /* en */ = {isa = PBXFileReference; lastKnownFileType = text.plist.strings; name = en; path = en.lproj/InfoPlist.strings; sourceTree = "<group>"; };
		53682B5219B7A41000C42EE6 /* main.m */ = {isa = PBXFileReference; lastKnownFileType = sourcecode.c.objc; path = main.m; sourceTree = "<group>"; };
		53682B5419B7A41000C42EE6 /* Dice Game-Prefix.pch */ = {isa = PBXFileReference; lastKnownFileType = sourcecode.c.h; path = "Dice Game-Prefix.pch"; sourceTree = "<group>"; };
		53682B5519B7A41000C42EE6 /* DGAppDelegate.h */ = {isa = PBXFileReference; lastKnownFileType = sourcecode.c.h; path = DGAppDelegate.h; sourceTree = "<group>"; };
		53682B5619B7A41000C42EE6 /* DGAppDelegate.m */ = {isa = PBXFileReference; lastKnownFileType = sourcecode.c.objc; path = DGAppDelegate.m; sourceTree = "<group>"; };
		53682B5919B7A41000C42EE6 /* Base */ = {isa = PBXFileReference; lastKnownFileType = file.storyboard; name = Base; path = Base.lproj/Main.storyboard; sourceTree = "<group>"; };
		53682B5B19B7A41000C42EE6 /* DGViewController.h */ = {isa = PBXFileReference; lastKnownFileType = sourcecode.c.h; path = DGViewController.h; sourceTree = "<group>"; };
		53682B5C19B7A41000C42EE6 /* DGViewController.m */ = {isa = PBXFileReference; lastKnownFileType = sourcecode.c.objc; path = DGViewController.m; sourceTree = "<group>"; };
		53682B5E19B7A41000C42EE6 /* Images.xcassets */ = {isa = PBXFileReference; lastKnownFileType = folder.assetcatalog; path = Images.xcassets; sourceTree = "<group>"; };
		53682B6419B7A41000C42EE6 /* Dice GameTests.xctest */ = {isa = PBXFileReference; explicitFileType = wrapper.cfbundle; includeInIndex = 0; path = "Dice GameTests.xctest"; sourceTree = BUILT_PRODUCTS_DIR; };
		53682B6519B7A41000C42EE6 /* XCTest.framework */ = {isa = PBXFileReference; lastKnownFileType = wrapper.framework; name = XCTest.framework; path = Library/Frameworks/XCTest.framework; sourceTree = DEVELOPER_DIR; };
		53682B6D19B7A41000C42EE6 /* Dice GameTests-Info.plist */ = {isa = PBXFileReference; lastKnownFileType = text.plist.xml; path = "Dice GameTests-Info.plist"; sourceTree = "<group>"; };
		53682B6F19B7A41000C42EE6 /* en */ = {isa = PBXFileReference; lastKnownFileType = text.plist.strings; name = en; path = en.lproj/InfoPlist.strings; sourceTree = "<group>"; };
		53682B7119B7A41000C42EE6 /* Dice_GameTests.m */ = {isa = PBXFileReference; lastKnownFileType = sourcecode.c.objc; path = Dice_GameTests.m; sourceTree = "<group>"; };
/* End PBXFileReference section */

/* Begin PBXFrameworksBuildPhase section */
		53682B4019B7A41000C42EE6 /* Frameworks */ = {
			isa = PBXFrameworksBuildPhase;
			buildActionMask = 2147483647;
			files = (
				53682B4919B7A41000C42EE6 /* CoreGraphics.framework in Frameworks */,
				53682B4B19B7A41000C42EE6 /* UIKit.framework in Frameworks */,
				53682B4719B7A41000C42EE6 /* Foundation.framework in Frameworks */,
			);
			runOnlyForDeploymentPostprocessing = 0;
		};
		53682B6119B7A41000C42EE6 /* Frameworks */ = {
			isa = PBXFrameworksBuildPhase;
			buildActionMask = 2147483647;
			files = (
				53682B6619B7A41000C42EE6 /* XCTest.framework in Frameworks */,
				53682B6819B7A41000C42EE6 /* UIKit.framework in Frameworks */,
				53682B6719B7A41000C42EE6 /* Foundation.framework in Frameworks */,
			);
			runOnlyForDeploymentPostprocessing = 0;
		};
/* End PBXFrameworksBuildPhase section */

/* Begin PBXGroup section */
		53682B3A19B7A41000C42EE6 = {
			isa = PBXGroup;
			children = (
				53682B4C19B7A41000C42EE6 /* Dice Game */,
				53682B6B19B7A41000C42EE6 /* Dice GameTests */,
				53682B4519B7A41000C42EE6 /* Frameworks */,
				53682B4419B7A41000C42EE6 /* Products */,
			);
			sourceTree = "<group>";
		};
		53682B4419B7A41000C42EE6 /* Products */ = {
			isa = PBXGroup;
			children = (
				53682B4319B7A41000C42EE6 /* Dice Game.app */,
				53682B6419B7A41000C42EE6 /* Dice GameTests.xctest */,
			);
			name = Products;
			sourceTree = "<group>";
		};
		53682B4519B7A41000C42EE6 /* Frameworks */ = {
			isa = PBXGroup;
			children = (
				53682B4619B7A41000C42EE6 /* Foundation.framework */,
				53682B4819B7A41000C42EE6 /* CoreGraphics.framework */,
				53682B4A19B7A41000C42EE6 /* UIKit.framework */,
				53682B6519B7A41000C42EE6 /* XCTest.framework */,
			);
			name = Frameworks;
			sourceTree = "<group>";
		};
		53682B4C19B7A41000C42EE6 /* Dice Game */ = {
			isa = PBXGroup;
			children = (
				53682B5519B7A41000C42EE6 /* DGAppDelegate.h */,
				53682B5619B7A41000C42EE6 /* DGAppDelegate.m */,
				53682B5819B7A41000C42EE6 /* Main.storyboard */,
				53682B5B19B7A41000C42EE6 /* DGViewController.h */,
				53682B5C19B7A41000C42EE6 /* DGViewController.m */,
				53682B5E19B7A41000C42EE6 /* Images.xcassets */,
				53682B4D19B7A41000C42EE6 /* Supporting Files */,
			);
			path = "Dice Game";
			sourceTree = "<group>";
		};
		53682B4D19B7A41000C42EE6 /* Supporting Files */ = {
			isa = PBXGroup;
			children = (
				53682B4E19B7A41000C42EE6 /* Dice Game-Info.plist */,
				53682B4F19B7A41000C42EE6 /* InfoPlist.strings */,
				53682B5219B7A41000C42EE6 /* main.m */,
				53682B5419B7A41000C42EE6 /* Dice Game-Prefix.pch */,
			);
			name = "Supporting Files";
			sourceTree = "<group>";
		};
		53682B6B19B7A41000C42EE6 /* Dice GameTests */ = {
			isa = PBXGroup;
			children = (
				53682B7119B7A41000C42EE6 /* Dice_GameTests.m */,
				53682B6C19B7A41000C42EE6 /* Supporting Files */,
			);
			path = "Dice GameTests";
			sourceTree = "<group>";
		};
		53682B6C19B7A41000C42EE6 /* Supporting Files */ = {
			isa = PBXGroup;
			children = (
				53682B6D19B7A41000C42EE6 /* Dice GameTests-Info.plist */,
				53682B6E19B7A41000C42EE6 /* InfoPlist.strings */,
			);
			name = "Supporting Files";
			sourceTree = "<group>";
		};
/* End PBXGroup section */

/* Begin PBXNativeTarget section */
		53682B4219B7A41000C42EE6 /* Dice Game */ = {
			isa = PBXNativeTarget;
			buildConfigurationList = 53682B7519B7A41000C42EE6 /* Build configuration list for PBXNativeTarget "Dice Game" */;
			buildPhases = (
				53682B3F19B7A41000C42EE6 /* Sources */,
				53682B4019B7A41000C42EE6 /* Frameworks */,
				53682B4119B7A41000C42EE6 /* Resources */,
			);
			buildRules = (
			);
			dependencies = (
			);
			name = "Dice Game";
			productName = "Dice Game";
			productReference = 53682B4319B7A41000C42EE6 /* Dice Game.app */;
			productType = "com.apple.product-type.application";
		};
		53682B6319B7A41000C42EE6 /* Dice GameTests */ = {
			isa = PBXNativeTarget;
			buildConfigurationList = 53682B7819B7A41000C42EE6 /* Build configuration list for PBXNativeTarget "Dice GameTests" */;
			buildPhases = (
				53682B6019B7A41000C42EE6 /* Sources */,
				53682B6119B7A41000C42EE6 /* Frameworks */,
				53682B6219B7A41000C42EE6 /* Resources */,
			);
			buildRules = (
			);
			dependencies = (
				53682B6A19B7A41000C42EE6 /* PBXTargetDependency */,
			);
			name = "Dice GameTests";
			productName = "Dice GameTests";
			productReference = 53682B6419B7A41000C42EE6 /* Dice GameTests.xctest */;
			productType = "com.apple.product-type.bundle.unit-test";
		};
/* End PBXNativeTarget section */

/* Begin PBXProject section */
		53682B3B19B7A41000C42EE6 /* Project object */ = {
			isa = PBXProject;
			attributes = {
				CLASSPREFIX = DG;
				LastUpgradeCheck = 0510;
				TargetAttributes = {
					53682B6319B7A41000C42EE6 = {
						TestTargetID = 53682B4219B7A41000C42EE6;
					};
				};
			};
			buildConfigurationList = 53682B3E19B7A41000C42EE6 /* Build configuration list for PBXProject "Dice Game" */;
			compatibilityVersion = "Xcode 3.2";
			developmentRegion = English;
			hasScannedForEncodings = 0;
			knownRegions = (
				en,
				Base,
			);
			mainGroup = 53682B3A19B7A41000C42EE6;
			productRefGroup = 53682B4419B7A41000C42EE6 /* Products */;
			projectDirPath = "";
			projectRoot = "";
			targets = (
				53682B4219B7A41000C42EE6 /* Dice Game */,
				53682B6319B7A41000C42EE6 /* Dice GameTests */,
			);
		};
/* End PBXProject section */

/* Begin PBXResourcesBuildPhase section */
		53682B4119B7A41000C42EE6 /* Resources */ = {
			isa = PBXResourcesBuildPhase;
			buildActionMask = 2147483647;
			files = (
				53682B5F19B7A41000C42EE6 /* Images.xcassets in Resources */,
				53682B5119B7A41000C42EE6 /* InfoPlist.strings in Resources */,
				53682B5A19B7A41000C42EE6 /* Main.storyboard in Resources */,
			);
			runOnlyForDeploymentPostprocessing = 0;
		};
		53682B6219B7A41000C42EE6 /* Resources */ = {
			isa = PBXResourcesBuildPhase;
			buildActionMask = 2147483647;
			files = (
				53682B7019B7A41000C42EE6 /* InfoPlist.strings in Resources */,
			);
			runOnlyForDeploymentPostprocessing = 0;
		};
/* End PBXResourcesBuildPhase section */

/* Begin PBXSourcesBuildPhase section */
		53682B3F19B7A41000C42EE6 /* Sources */ = {
			isa = PBXSourcesBuildPhase;
			buildActionMask = 2147483647;
			files = (
				53682B5319B7A41000C42EE6 /* main.m in Sources */,
				53682B5D19B7A41000C42EE6 /* DGViewController.m in Sources */,
				53682B5719B7A41000C42EE6 /* DGAppDelegate.m in Sources */,
			);
			runOnlyForDeploymentPostprocessing = 0;
		};
		53682B6019B7A41000C42EE6 /* Sources */ = {
			isa = PBXSourcesBuildPhase;
			buildActionMask = 2147483647;
			files = (
				53682B7219B7A41000C42EE6 /* Dice_GameTests.m in Sources */,
			);
			runOnlyForDeploymentPostprocessing = 0;
		};
/* End PBXSourcesBuildPhase section */

/* Begin PBXTargetDependency section */
		53682B6A19B7A41000C42EE6 /* PBXTargetDependency */ = {
			isa = PBXTargetDependency;
			target = 53682B4219B7A41000C42EE6 /* Dice Game */;
			targetProxy = 53682B6919B7A41000C42EE6 /* PBXContainerItemProxy */;
		};
/* End PBXTargetDependency section */

/* Begin PBXVariantGroup section */
		53682B4F19B7A41000C42EE6 /* InfoPlist.strings */ = {
			isa = PBXVariantGroup;
			children = (
				53682B5019B7A41000C42EE6 /* en */,
			);
			name = InfoPlist.strings;
			sourceTree = "<group>";
		};
		53682B5819B7A41000C42EE6 /* Main.storyboard */ = {
			isa = PBXVariantGroup;
			children = (
				53682B5919B7A41000C42EE6 /* Base */,
			);
			name = Main.storyboard;
			sourceTree = "<group>";
		};
		53682B6E19B7A41000C42EE6 /* InfoPlist.strings */ = {
			isa = PBXVariantGroup;
			children = (
				53682B6F19B7A41000C42EE6 /* en */,
			);
			name = InfoPlist.strings;
			sourceTree = "<group>";
		};
/* End PBXVariantGroup section */

/* Begin XCBuildConfiguration section */
		53682B7319B7A41000C42EE6 /* Debug */ = {
			isa = XCBuildConfiguration;
			buildSettings = {
				ALWAYS_SEARCH_USER_PATHS = NO;
				CLANG_CXX_LANGUAGE_STANDARD = "gnu++0x";
				CLANG_CXX_LIBRARY = "libc++";
				CLANG_ENABLE_MODULES = YES;
				CLANG_ENABLE_OBJC_ARC = YES;
				CLANG_WARN_BOOL_CONVERSION = YES;
				CLANG_WARN_CONSTANT_CONVERSION = YES;
				CLANG_WARN_DIRECT_OBJC_ISA_USAGE = YES_ERROR;
				CLANG_WARN_EMPTY_BODY = YES;
				CLANG_WARN_ENUM_CONVERSION = YES;
				CLANG_WARN_INT_CONVERSION = YES;
				CLANG_WARN_OBJC_ROOT_CLASS = YES_ERROR;
				CLANG_WARN__DUPLICATE_METHOD_MATCH = YES;
				"CODE_SIGN_IDENTITY[sdk=iphoneos*]" = "iPhone Developer";
				COPY_PHASE_STRIP = NO;
				GCC_C_LANGUAGE_STANDARD = gnu99;
				GCC_DYNAMIC_NO_PIC = NO;
				GCC_OPTIMIZATION_LEVEL = 0;
				GCC_PREPROCESSOR_DEFINITIONS = (
					"DEBUG=1",
					"$(inherited)",
				);
				GCC_SYMBOLS_PRIVATE_EXTERN = NO;
				GCC_WARN_64_TO_32_BIT_CONVERSION = YES;
				GCC_WARN_ABOUT_RETURN_TYPE = YES_ERROR;
				GCC_WARN_UNDECLARED_SELECTOR = YES;
				GCC_WARN_UNINITIALIZED_AUTOS = YES_AGGRESSIVE;
				GCC_WARN_UNUSED_FUNCTION = YES;
				GCC_WARN_UNUSED_VARIABLE = YES;
				IPHONEOS_DEPLOYMENT_TARGET = 7.1;
				ONLY_ACTIVE_ARCH = YES;
				SDKROOT = iphoneos;
			};
			name = Debug;
		};
		53682B7419B7A41000C42EE6 /* Release */ = {
			isa = XCBuildConfiguration;
			buildSettings = {
				ALWAYS_SEARCH_USER_PATHS = NO;
				CLANG_CXX_LANGUAGE_STANDARD = "gnu++0x";
				CLANG_CXX_LIBRARY = "libc++";
				CLANG_ENABLE_MODULES = YES;
				CLANG_ENABLE_OBJC_ARC = YES;
				CLANG_WARN_BOOL_CONVERSION = YES;
				CLANG_WARN_CONSTANT_CONVERSION = YES;
				CLANG_WARN_DIRECT_OBJC_ISA_USAGE = YES_ERROR;
				CLANG_WARN_EMPTY_BODY = YES;
				CLANG_WARN_ENUM_CONVERSION = YES;
				CLANG_WARN_INT_CONVERSION = YES;
				CLANG_WARN_OBJC_ROOT_CLASS = YES_ERROR;
				CLANG_WARN__DUPLICATE_METHOD_MATCH = YES;
				"CODE_SIGN_IDENTITY[sdk=iphoneos*]" = "iPhone Developer";
				COPY_PHASE_STRIP = YES;
				ENABLE_NS_ASSERTIONS = NO;
				GCC_C_LANGUAGE_STANDARD = gnu99;
				GCC_WARN_64_TO_32_BIT_CONVERSION = YES;
				GCC_WARN_ABOUT_RETURN_TYPE = YES_ERROR;
				GCC_WARN_UNDECLARED_SELECTOR = YES;
				GCC_WARN_UNINITIALIZED_AUTOS = YES_AGGRESSIVE;
				GCC_WARN_UNUSED_FUNCTION = YES;
				GCC_WARN_UNUSED_VARIABLE = YES;
				IPHONEOS_DEPLOYMENT_TARGET = 7.1;
				SDKROOT = iphoneos;
				VALIDATE_PRODUCT = YES;
			};
			name = Release;
		};
		53682B7619B7A41000C42EE6 /* Debug */ = {
			isa = XCBuildConfiguration;
			buildSettings = {
				ASSETCATALOG_COMPILER_APPICON_NAME = AppIcon;
				ASSETCATALOG_COMPILER_LAUNCHIMAGE_NAME = LaunchImage;
				GCC_PRECOMPILE_PREFIX_HEADER = YES;
				GCC_PREFIX_HEADER = "Dice Game/Dice Game-Prefix.pch";
				INFOPLIST_FILE = "Dice Game/Dice Game-Info.plist";
				PRODUCT_NAME = "$(TARGET_NAME)";
				WRAPPER_EXTENSION = app;
			};
			name = Debug;
		};
		53682B7719B7A41000C42EE6 /* Release */ = {
			isa = XCBuildConfiguration;
			buildSettings = {
				ASSETCATALOG_COMPILER_APPICON_NAME = AppIcon;
				ASSETCATALOG_COMPILER_LAUNCHIMAGE_NAME = LaunchImage;
				GCC_PRECOMPILE_PREFIX_HEADER = YES;
				GCC_PREFIX_HEADER = "Dice Game/Dice Game-Prefix.pch";
				INFOPLIST_FILE = "Dice Game/Dice Game-Info.plist";
				PRODUCT_NAME = "$(TARGET_NAME)";
				WRAPPER_EXTENSION = app;
			};
			name = Release;
		};
		53682B7919B7A41000C42EE6 /* Debug */ = {
			isa = XCBuildConfiguration;
			buildSettings = {
				BUNDLE_LOADER = "$(BUILT_PRODUCTS_DIR)/Dice Game.app/Dice Game";
				FRAMEWORK_SEARCH_PATHS = (
					"$(SDKROOT)/Developer/Library/Frameworks",
					"$(inherited)",
					"$(DEVELOPER_FRAMEWORKS_DIR)",
				);
				GCC_PRECOMPILE_PREFIX_HEADER = YES;
				GCC_PREFIX_HEADER = "Dice Game/Dice Game-Prefix.pch";
				GCC_PREPROCESSOR_DEFINITIONS = (
					"DEBUG=1",
					"$(inherited)",
				);
				INFOPLIST_FILE = "Dice GameTests/Dice GameTests-Info.plist";
				PRODUCT_NAME = "$(TARGET_NAME)";
				TEST_HOST = "$(BUNDLE_LOADER)";
				WRAPPER_EXTENSION = xctest;
			};
			name = Debug;
		};
		53682B7A19B7A41000C42EE6 /* Release */ = {
			isa = XCBuildConfiguration;
			buildSettings = {
				BUNDLE_LOADER = "$(BUILT_PRODUCTS_DIR)/Dice Game.app/Dice Game";
				FRAMEWORK_SEARCH_PATHS = (
					"$(SDKROOT)/Developer/Library/Frameworks",
					"$(inherited)",
					"$(DEVELOPER_FRAMEWORKS_DIR)",
				);
				GCC_PRECOMPILE_PREFIX_HEADER = YES;
				GCC_PREFIX_HEADER = "Dice Game/Dice Game-Prefix.pch";
				INFOPLIST_FILE = "Dice GameTests/Dice GameTests-Info.plist";
				PRODUCT_NAME = "$(TARGET_NAME)";
				TEST_HOST = "$(BUNDLE_LOADER)";
				WRAPPER_EXTENSION = xctest;
			};
			name = Release;
		};
/* End XCBuildConfiguration section */

/* Begin XCConfigurationList section */
		53682B3E19B7A41000C42EE6 /* Build configuration list for PBXProject "Dice Game" */ = {
			isa = XCConfigurationList;
			buildConfigurations = (
				53682B7319B7A41000C42EE6 /* Debug */,
				53682B7419B7A41000C42EE6 /* Release */,
			);
			defaultConfigurationIsVisible = 0;
			defaultConfigurationName = Release;
		};
		53682B7519B7A41000C42EE6 /* Build configuration list for PBXNativeTarget "Dice Game" */ = {
			isa = XCConfigurationList;
			buildConfigurations = (
				53682B7619B7A41000C42EE6 /* Debug */,
				53682B7719B7A41000C42EE6 /* Release */,
			);
			defaultConfigurationIsVisible = 0;
		};
		53682B7819B7A41000C42EE6 /* Build configuration list for PBXNativeTarget "Dice GameTests" */ = {
			isa = XCConfigurationList;
			buildConfigurations = (
				53682B7919B7A41000C42EE6 /* Debug */,
				53682B7A19B7A41000C42EE6 /* Release */,
			);
			defaultConfigurationIsVisible = 0;
		};
/* End XCConfigurationList section */
	};
	rootObject = 53682B3B19B7A41000C42EE6 /* Project object */;
}
